{
  "object": {
    "pins": [
      {
        "package": "JzOsSqlHelper",
        "repositoryURL": "https://github.com/sam38124/JzOsSqlHelper",
        "state": {
          "branch": null,
          "revision": "b564123e37fa87f7880cb94fbbe5b93b2da05567",
          "version": "1.0.1"
        }
      }
    ]
  },
  "version": 1
}
